PODS:
  - EasyLayout (1.0.22)
  - MDCommonKit (1.0.19)
  - MDReactPageKit (1.0.4):
    - ReactiveDataBoard
    - ReactiveObjC
  - ReactiveDataBoard (4.0.3)
  - ReactiveObjC (3.1.0)

DEPENDENCIES:
  - EasyLayout (~> 1.0.0)
  - MDCommonKit (~> 1.0.0)
  - MDReactPageKit (from `../`)
  - ReactiveDataBoard (= 4.0.3)
  - ReactiveObjC (= 3.1.0)

SPEC REPOS:
  https://github.com/cocoapods/specs.git:
    - ReactiveObjC
  https://github.com/Leon0206/MDSpecs.git:
    - EasyLayout
    - MDCommonKit
    - ReactiveDataBoard

EXTERNAL SOURCES:
  MDReactPageKit:
    :path: "../"

SPEC CHECKSUMS:
  EasyLayout: 24623ce8ec65089f043c79d8c966a788817b2bb2
  MDCommonKit: a12d6a7808a49a778571832fe36906212b8406a5
  MDReactPageKit: 8f83131423de0b958f0a2cedde3d19e9789490c0
  ReactiveDataBoard: 70b3efbd748b065b28eb72bc06dbac3ef9ef20fa
  ReactiveObjC: 2a38ea15335de4119d8b17caf1db1484f61db902

PODFILE CHECKSUM: 58249aa3d28eb84c7fe9252bc3663c20e4cffaf0

COCOAPODS: 1.6.1
