PODS:
  - AKOCommonToolsKit (0.0.7)
  - EasyLayout (1.0.22)
  - ReactiveDataBoard (4.0.7):
    - ReactiveObjC
  - ReactiveObjC (3.1.1)
  - ReactivePageKit (0.0.1):
    - AKOCommonToolsKit
    - EasyLayout
    - ReactiveDataBoard
    - ReactiveObjC

DEPENDENCIES:
  - ReactivePageKit (from `../`)

SPEC REPOS:
  https://github.com/Leon0206/MDSpecs.git:
    - AKOCommonToolsKit
    - EasyLayout
    - ReactiveDataBoard
  trunk:
    - ReactiveObjC

EXTERNAL SOURCES:
  ReactivePageKit:
    :path: "../"

SPEC CHECKSUMS:
  AKOCommonToolsKit: 853f5fe5030abf74329c971c18228f597e13a5ea
  EasyLayout: 24623ce8ec65089f043c79d8c966a788817b2bb2
  ReactiveDataBoard: e2bc2305685ed66d496b5270a69165e090e47ed7
  ReactiveObjC: 011caa393aa0383245f2dcf9bf02e86b80b36040
  ReactivePageKit: eb31b727d413cb170afeafae14774511b43a8917

PODFILE CHECKSUM: 670d66f05eecfa26f0bd9355399b6ee889987c44

COCOAPODS: 1.11.3
